// !$*UTF8*$!
{
	archiveVersion = 1;
	classes = {
	};
	objectVersion = 56;
	objects = {

/* Begin PBXBuildFile section */
		7B2D87112ADC0E1400318596 /* DebtTrackerApp.swift in Sources */ = {isa = PBXBuildFile; fileRef = 7B2D87102ADC0E1400318596 /* DebtTrackerApp.swift */; };
		7B2D87152ADC0E1500318596 /* Assets.xcassets in Resources */ = {isa = PBXBuildFile; fileRef = 7B2D87142ADC0E1500318596 /* Assets.xcassets */; };
		7B2D87182ADC0E1500318596 /* Preview Assets.xcassets in Resources */ = {isa = PBXBuildFile; fileRef = 7B2D87172ADC0E1500318596 /* Preview Assets.xcassets */; };
		7B2D87242ADC0F8000318596 /* HomeView.swift in Sources */ = {isa = PBXBuildFile; fileRef = 7B2D87232ADC0F8000318596 /* HomeView.swift */; };
		7B2D87292ADC0FE400318596 /* IncomeView.swift in Sources */ = {isa = PBXBuildFile; fileRef = 7B2D87282ADC0FE400318596 /* IncomeView.swift */; };
		7B2D872B2ADC102F00318596 /* ExpenseView.swift in Sources */ = {isa = PBXBuildFile; fileRef = 7B2D872A2ADC102F00318596 /* ExpenseView.swift */; };
		7B2D872D2ADC105900318596 /* SettingsView.swift in Sources */ = {isa = PBXBuildFile; fileRef = 7B2D872C2ADC105900318596 /* SettingsView.swift */; };
		7B2D87302ADC15CF00318596 /* TabbedItems.swift in Sources */ = {isa = PBXBuildFile; fileRef = 7B2D872F2ADC15CF00318596 /* TabbedItems.swift */; };
		7B2D87342ADC1E8100318596 /* Constants.swift in Sources */ = {isa = PBXBuildFile; fileRef = 7B2D87332ADC1E8100318596 /* Constants.swift */; };
		7B2D87392ADC2E6A00318596 /* DebtProgressView.swift in Sources */ = {isa = PBXBuildFile; fileRef = 7B2D87382ADC2E6A00318596 /* DebtProgressView.swift */; };
		7B2D873C2ADC2F7500318596 /* DebtExplanationView.swift in Sources */ = {isa = PBXBuildFile; fileRef = 7B2D873B2ADC2F7500318596 /* DebtExplanationView.swift */; };
		7B2D873E2ADC2F8000318596 /* DebtImageView.swift in Sources */ = {isa = PBXBuildFile; fileRef = 7B2D873D2ADC2F8000318596 /* DebtImageView.swift */; };
		7B2D87412ADC32DF00318596 /* ExpenseCellView.swift in Sources */ = {isa = PBXBuildFile; fileRef = 7B2D87402ADC32DF00318596 /* ExpenseCellView.swift */; };
		7B2D87462ADD757300318596 /* ExpenseModel.swift in Sources */ = {isa = PBXBuildFile; fileRef = 7B2D87452ADD757300318596 /* ExpenseModel.swift */; };
		7B2D87482ADD75F100318596 /* ExpenseViewModel.swift in Sources */ = {isa = PBXBuildFile; fileRef = 7B2D87472ADD75F100318596 /* ExpenseViewModel.swift */; };
		7B66758D2ADEADBD00058558 /* ExpenseModelList.swift in Sources */ = {isa = PBXBuildFile; fileRef = 7B66758C2ADEADBD00058558 /* ExpenseModelList.swift */; };
		7B6675922ADEB45E00058558 /* ExpenseDetailChartView.swift in Sources */ = {isa = PBXBuildFile; fileRef = 7B6675912ADEB45D00058558 /* ExpenseDetailChartView.swift */; };
		7B8050782ADDE62300AE1D9D /* SummaryView.swift in Sources */ = {isa = PBXBuildFile; fileRef = 7B8050772ADDE62300AE1D9D /* SummaryView.swift */; };
		7B80507A2ADDF52300AE1D9D /* ExpenseDetailView.swift in Sources */ = {isa = PBXBuildFile; fileRef = 7B8050792ADDF52300AE1D9D /* ExpenseDetailView.swift */; };
/* End PBXBuildFile section */

/* Begin PBXFileReference section */
		7B2D870D2ADC0E1300318596 /* DebtTracker.app */ = {isa = PBXFileReference; explicitFileType = wrapper.application; includeInIndex = 0; path = DebtTracker.app; sourceTree = BUILT_PRODUCTS_DIR; };
		7B2D87102ADC0E1400318596 /* DebtTrackerApp.swift */ = {isa = PBXFileReference; lastKnownFileType = sourcecode.swift; path = DebtTrackerApp.swift; sourceTree = "<group>"; };
		7B2D87142ADC0E1500318596 /* Assets.xcassets */ = {isa = PBXFileReference; lastKnownFileType = folder.assetcatalog; path = Assets.xcassets; sourceTree = "<group>"; };
		7B2D87172ADC0E1500318596 /* Preview Assets.xcassets */ = {isa = PBXFileReference; lastKnownFileType = folder.assetcatalog; path = "Preview Assets.xcassets"; sourceTree = "<group>"; };
		7B2D87232ADC0F8000318596 /* HomeView.swift */ = {isa = PBXFileReference; lastKnownFileType = sourcecode.swift; path = HomeView.swift; sourceTree = "<group>"; };
		7B2D87282ADC0FE400318596 /* IncomeView.swift */ = {isa = PBXFileReference; lastKnownFileType = sourcecode.swift; path = IncomeView.swift; sourceTree = "<group>"; };
		7B2D872A2ADC102F00318596 /* ExpenseView.swift */ = {isa = PBXFileReference; lastKnownFileType = sourcecode.swift; path = ExpenseView.swift; sourceTree = "<group>"; };
		7B2D872C2ADC105900318596 /* SettingsView.swift */ = {isa = PBXFileReference; lastKnownFileType = sourcecode.swift; path = SettingsView.swift; sourceTree = "<group>"; };
		7B2D872F2ADC15CF00318596 /* TabbedItems.swift */ = {isa = PBXFileReference; lastKnownFileType = sourcecode.swift; path = TabbedItems.swift; sourceTree = "<group>"; };
		7B2D87332ADC1E8100318596 /* Constants.swift */ = {isa = PBXFileReference; lastKnownFileType = sourcecode.swift; path = Constants.swift; sourceTree = "<group>"; };
		7B2D87382ADC2E6A00318596 /* DebtProgressView.swift */ = {isa = PBXFileReference; lastKnownFileType = sourcecode.swift; path = DebtProgressView.swift; sourceTree = "<group>"; };
		7B2D873B2ADC2F7500318596 /* DebtExplanationView.swift */ = {isa = PBXFileReference; lastKnownFileType = sourcecode.swift; path = DebtExplanationView.swift; sourceTree = "<group>"; };
		7B2D873D2ADC2F8000318596 /* DebtImageView.swift */ = {isa = PBXFileReference; lastKnownFileType = sourcecode.swift; path = DebtImageView.swift; sourceTree = "<group>"; };
		7B2D87402ADC32DF00318596 /* ExpenseCellView.swift */ = {isa = PBXFileReference; lastKnownFileType = sourcecode.swift; path = ExpenseCellView.swift; sourceTree = "<group>"; };
		7B2D87452ADD757300318596 /* ExpenseModel.swift */ = {isa = PBXFileReference; lastKnownFileType = sourcecode.swift; path = ExpenseModel.swift; sourceTree = "<group>"; };
		7B2D87472ADD75F100318596 /* ExpenseViewModel.swift */ = {isa = PBXFileReference; lastKnownFileType = sourcecode.swift; path = ExpenseViewModel.swift; sourceTree = "<group>"; };
		7B66758C2ADEADBD00058558 /* ExpenseModelList.swift */ = {isa = PBXFileReference; lastKnownFileType = sourcecode.swift; path = ExpenseModelList.swift; sourceTree = "<group>"; };
		7B6675912ADEB45D00058558 /* ExpenseDetailChartView.swift */ = {isa = PBXFileReference; lastKnownFileType = sourcecode.swift; path = ExpenseDetailChartView.swift; sourceTree = "<group>"; };
		7B8050772ADDE62300AE1D9D /* SummaryView.swift */ = {isa = PBXFileReference; lastKnownFileType = sourcecode.swift; path = SummaryView.swift; sourceTree = "<group>"; };
		7B8050792ADDF52300AE1D9D /* ExpenseDetailView.swift */ = {isa = PBXFileReference; lastKnownFileType = sourcecode.swift; path = ExpenseDetailView.swift; sourceTree = "<group>"; };
/* End PBXFileReference section */

/* Begin PBXFrameworksBuildPhase section */
		7B2D870A2ADC0E1300318596 /* Frameworks */ = {
			isa = PBXFrameworksBuildPhase;
			buildActionMask = 2147483647;
			files = (
			);
			runOnlyForDeploymentPostprocessing = 0;
		};
/* End PBXFrameworksBuildPhase section */

/* Begin PBXGroup section */
		7B2D87042ADC0E1300318596 = {
			isa = PBXGroup;
			children = (
				7B2D870F2ADC0E1300318596 /* DebtTracker */,
				7B2D870E2ADC0E1300318596 /* Products */,
			);
			sourceTree = "<group>";
		};
		7B2D870E2ADC0E1300318596 /* Products */ = {
			isa = PBXGroup;
			children = (
				7B2D870D2ADC0E1300318596 /* DebtTracker.app */,
			);
			name = Products;
			sourceTree = "<group>";
		};
		7B2D870F2ADC0E1300318596 /* DebtTracker */ = {
			isa = PBXGroup;
			children = (
				7B2D872E2ADC15C100318596 /* Enums */,
				7B2D87222ADC0EFF00318596 /* App */,
				7B2D87212ADC0ED200318596 /* Helpers */,
				7B2D87202ADC0ECF00318596 /* Model */,
				7B2D871F2ADC0ECC00318596 /* ViewModel */,
				7B2D871E2ADC0EC600318596 /* View */,
				7B2D87142ADC0E1500318596 /* Assets.xcassets */,
				7B2D87162ADC0E1500318596 /* Preview Content */,
			);
			path = DebtTracker;
			sourceTree = "<group>";
		};
		7B2D87162ADC0E1500318596 /* Preview Content */ = {
			isa = PBXGroup;
			children = (
				7B2D87172ADC0E1500318596 /* Preview Assets.xcassets */,
			);
			path = "Preview Content";
			sourceTree = "<group>";
		};
		7B2D871E2ADC0EC600318596 /* View */ = {
			isa = PBXGroup;
			children = (
				7B2D87232ADC0F8000318596 /* HomeView.swift */,
				7B8050762ADDE61100AE1D9D /* SummaryView */,
				7B2D87272ADC0FDA00318596 /* SettingsView */,
				7B2D87252ADC0FC200318596 /* IncomeView */,
				7B2D87262ADC0FCB00318596 /* ExpenseView */,
			);
			path = View;
			sourceTree = "<group>";
		};
		7B2D871F2ADC0ECC00318596 /* ViewModel */ = {
			isa = PBXGroup;
			children = (
				7B2D87472ADD75F100318596 /* ExpenseViewModel.swift */,
			);
			path = ViewModel;
			sourceTree = "<group>";
		};
		7B2D87202ADC0ECF00318596 /* Model */ = {
			isa = PBXGroup;
			children = (
				7B2D87442ADD756800318596 /* ProfileModel */,
				7B2D87432ADD756400318596 /* IncomeModel */,
				7B2D87422ADD755D00318596 /* ExpenseModel */,
			);
			path = Model;
			sourceTree = "<group>";
		};
		7B2D87212ADC0ED200318596 /* Helpers */ = {
			isa = PBXGroup;
			children = (
				7B2D87332ADC1E8100318596 /* Constants.swift */,
			);
			path = Helpers;
			sourceTree = "<group>";
		};
		7B2D87222ADC0EFF00318596 /* App */ = {
			isa = PBXGroup;
			children = (
				7B2D87102ADC0E1400318596 /* DebtTrackerApp.swift */,
			);
			path = App;
			sourceTree = "<group>";
		};
		7B2D87252ADC0FC200318596 /* IncomeView */ = {
			isa = PBXGroup;
			children = (
				7B2D87282ADC0FE400318596 /* IncomeView.swift */,
			);
			path = IncomeView;
			sourceTree = "<group>";
		};
		7B2D87262ADC0FCB00318596 /* ExpenseView */ = {
			isa = PBXGroup;
			children = (
				7B8050792ADDF52300AE1D9D /* ExpenseDetailView.swift */,
				7B66758E2ADEB43D00058558 /* ExpenseDetailView */,
				7B2D873A2ADC2F1400318596 /* ExpenseCellView */,
				7B2D872A2ADC102F00318596 /* ExpenseView.swift */,
			);
			path = ExpenseView;
			sourceTree = "<group>";
		};
		7B2D87272ADC0FDA00318596 /* SettingsView */ = {
			isa = PBXGroup;
			children = (
				7B2D872C2ADC105900318596 /* SettingsView.swift */,
			);
			path = SettingsView;
			sourceTree = "<group>";
		};
		7B2D872E2ADC15C100318596 /* Enums */ = {
			isa = PBXGroup;
			children = (
				7B2D872F2ADC15CF00318596 /* TabbedItems.swift */,
			);
			path = Enums;
			sourceTree = "<group>";
		};
		7B2D873A2ADC2F1400318596 /* ExpenseCellView */ = {
			isa = PBXGroup;
			children = (
				7B2D87402ADC32DF00318596 /* ExpenseCellView.swift */,
				7B2D87382ADC2E6A00318596 /* DebtProgressView.swift */,
				7B2D873B2ADC2F7500318596 /* DebtExplanationView.swift */,
				7B2D873D2ADC2F8000318596 /* DebtImageView.swift */,
			);
			path = ExpenseCellView;
			sourceTree = "<group>";
		};
		7B2D87422ADD755D00318596 /* ExpenseModel */ = {
			isa = PBXGroup;
			children = (
				7B2D87452ADD757300318596 /* ExpenseModel.swift */,
				7B66758C2ADEADBD00058558 /* ExpenseModelList.swift */,
			);
			path = ExpenseModel;
			sourceTree = "<group>";
		};
		7B2D87432ADD756400318596 /* IncomeModel */ = {
			isa = PBXGroup;
			children = (
			);
			path = IncomeModel;
			sourceTree = "<group>";
		};
		7B2D87442ADD756800318596 /* ProfileModel */ = {
			isa = PBXGroup;
			children = (
			);
			path = ProfileModel;
			sourceTree = "<group>";
		};
		7B66758E2ADEB43D00058558 /* ExpenseDetailView */ = {
			isa = PBXGroup;
			children = (
				7B6675912ADEB45D00058558 /* ExpenseDetailChartView.swift */,
			);
			path = ExpenseDetailView;
			sourceTree = "<group>";
		};
		7B8050762ADDE61100AE1D9D /* SummaryView */ = {
			isa = PBXGroup;
			children = (
				7B8050772ADDE62300AE1D9D /* SummaryView.swift */,
			);
			path = SummaryView;
			sourceTree = "<group>";
		};
/* End PBXGroup section */

/* Begin PBXNativeTarget section */
		7B2D870C2ADC0E1300318596 /* DebtTracker */ = {
			isa = PBXNativeTarget;
			buildConfigurationList = 7B2D871B2ADC0E1500318596 /* Build configuration list for PBXNativeTarget "DebtTracker" */;
			buildPhases = (
				7B2D87092ADC0E1300318596 /* Sources */,
				7B2D870A2ADC0E1300318596 /* Frameworks */,
				7B2D870B2ADC0E1300318596 /* Resources */,
			);
			buildRules = (
			);
			dependencies = (
			);
			name = DebtTracker;
			productName = DebtTracker;
			productReference = 7B2D870D2ADC0E1300318596 /* DebtTracker.app */;
			productType = "com.apple.product-type.application";
		};
/* End PBXNativeTarget section */

/* Begin PBXProject section */
		7B2D87052ADC0E1300318596 /* Project object */ = {
			isa = PBXProject;
			attributes = {
				BuildIndependentTargetsInParallel = 1;
				LastSwiftUpdateCheck = 1400;
				LastUpgradeCheck = 1400;
				TargetAttributes = {
					7B2D870C2ADC0E1300318596 = {
						CreatedOnToolsVersion = 14.0;
					};
				};
			};
			buildConfigurationList = 7B2D87082ADC0E1300318596 /* Build configuration list for PBXProject "DebtTracker" */;
			compatibilityVersion = "Xcode 14.0";
			developmentRegion = en;
			hasScannedForEncodings = 0;
			knownRegions = (
				en,
				Base,
			);
			mainGroup = 7B2D87042ADC0E1300318596;
			productRefGroup = 7B2D870E2ADC0E1300318596 /* Products */;
			projectDirPath = "";
			projectRoot = "";
			targets = (
				7B2D870C2ADC0E1300318596 /* DebtTracker */,
			);
		};
/* End PBXProject section */

/* Begin PBXResourcesBuildPhase section */
		7B2D870B2ADC0E1300318596 /* Resources */ = {
			isa = PBXResourcesBuildPhase;
			buildActionMask = 2147483647;
			files = (
				7B2D87182ADC0E1500318596 /* Preview Assets.xcassets in Resources */,
				7B2D87152ADC0E1500318596 /* Assets.xcassets in Resources */,
			);
			runOnlyForDeploymentPostprocessing = 0;
		};
/* End PBXResourcesBuildPhase section */

/* Begin PBXSourcesBuildPhase section */
		7B2D87092ADC0E1300318596 /* Sources */ = {
			isa = PBXSourcesBuildPhase;
			buildActionMask = 2147483647;
			files = (
				7B2D87392ADC2E6A00318596 /* DebtProgressView.swift in Sources */,
				7B8050782ADDE62300AE1D9D /* SummaryView.swift in Sources */,
				7B2D87412ADC32DF00318596 /* ExpenseCellView.swift in Sources */,
				7B2D872D2ADC105900318596 /* SettingsView.swift in Sources */,
				7B2D87112ADC0E1400318596 /* DebtTrackerApp.swift in Sources */,
				7B2D87292ADC0FE400318596 /* IncomeView.swift in Sources */,
				7B66758D2ADEADBD00058558 /* ExpenseModelList.swift in Sources */,
				7B2D87242ADC0F8000318596 /* HomeView.swift in Sources */,
				7B2D87462ADD757300318596 /* ExpenseModel.swift in Sources */,
				7B6675922ADEB45E00058558 /* ExpenseDetailChartView.swift in Sources */,
				7B2D873E2ADC2F8000318596 /* DebtImageView.swift in Sources */,
				7B2D87342ADC1E8100318596 /* Constants.swift in Sources */,
				7B2D87302ADC15CF00318596 /* TabbedItems.swift in Sources */,
				7B2D872B2ADC102F00318596 /* ExpenseView.swift in Sources */,
				7B80507A2ADDF52300AE1D9D /* ExpenseDetailView.swift in Sources */,
				7B2D87482ADD75F100318596 /* ExpenseViewModel.swift in Sources */,
				7B2D873C2ADC2F7500318596 /* DebtExplanationView.swift in Sources */,
			);
			runOnlyForDeploymentPostprocessing = 0;
		};
/* End PBXSourcesBuildPhase section */

/* Begin XCBuildConfiguration section */
		7B2D87192ADC0E1500318596 /* Debug */ = {
			isa = XCBuildConfiguration;
			buildSettings = {
				ALWAYS_SEARCH_USER_PATHS = NO;
				CLANG_ANALYZER_NONNULL = YES;
				CLANG_ANALYZER_NUMBER_OBJECT_CONVERSION = YES_AGGRESSIVE;
				CLANG_CXX_LANGUAGE_STANDARD = "gnu++20";
				CLANG_ENABLE_MODULES = YES;
				CLANG_ENABLE_OBJC_ARC = YES;
				CLANG_ENABLE_OBJC_WEAK = YES;
				CLANG_WARN_BLOCK_CAPTURE_AUTORELEASING = YES;
				CLANG_WARN_BOOL_CONVERSION = YES;
				CLANG_WARN_COMMA = YES;
				CLANG_WARN_CONSTANT_CONVERSION = YES;
				CLANG_WARN_DEPRECATED_OBJC_IMPLEMENTATIONS = YES;
				CLANG_WARN_DIRECT_OBJC_ISA_USAGE = YES_ERROR;
				CLANG_WARN_DOCUMENTATION_COMMENTS = YES;
				CLANG_WARN_EMPTY_BODY = YES;
				CLANG_WARN_ENUM_CONVERSION = YES;
				CLANG_WARN_INFINITE_RECURSION = YES;
				CLANG_WARN_INT_CONVERSION = YES;
				CLANG_WARN_NON_LITERAL_NULL_CONVERSION = YES;
				CLANG_WARN_OBJC_IMPLICIT_RETAIN_SELF = YES;
				CLANG_WARN_OBJC_LITERAL_CONVERSION = YES;
				CLANG_WARN_OBJC_ROOT_CLASS = YES_ERROR;
				CLANG_WARN_QUOTED_INCLUDE_IN_FRAMEWORK_HEADER = YES;
				CLANG_WARN_RANGE_LOOP_ANALYSIS = YES;
				CLANG_WARN_STRICT_PROTOTYPES = YES;
				CLANG_WARN_SUSPICIOUS_MOVE = YES;
				CLANG_WARN_UNGUARDED_AVAILABILITY = YES_AGGRESSIVE;
				CLANG_WARN_UNREACHABLE_CODE = YES;
				CLANG_WARN__DUPLICATE_METHOD_MATCH = YES;
				COPY_PHASE_STRIP = NO;
				DEBUG_INFORMATION_FORMAT = dwarf;
				ENABLE_STRICT_OBJC_MSGSEND = YES;
				ENABLE_TESTABILITY = YES;
				GCC_C_LANGUAGE_STANDARD = gnu11;
				GCC_DYNAMIC_NO_PIC = NO;
				GCC_NO_COMMON_BLOCKS = YES;
				GCC_OPTIMIZATION_LEVEL = 0;
				GCC_PREPROCESSOR_DEFINITIONS = (
					"DEBUG=1",
					"$(inherited)",
				);
				GCC_WARN_64_TO_32_BIT_CONVERSION = YES;
				GCC_WARN_ABOUT_RETURN_TYPE = YES_ERROR;
				GCC_WARN_UNDECLARED_SELECTOR = YES;
				GCC_WARN_UNINITIALIZED_AUTOS = YES_AGGRESSIVE;
				GCC_WARN_UNUSED_FUNCTION = YES;
				GCC_WARN_UNUSED_VARIABLE = YES;
				IPHONEOS_DEPLOYMENT_TARGET = 16.0;
				MTL_ENABLE_DEBUG_INFO = INCLUDE_SOURCE;
				MTL_FAST_MATH = YES;
				ONLY_ACTIVE_ARCH = YES;
				SDKROOT = iphoneos;
				SWIFT_ACTIVE_COMPILATION_CONDITIONS = DEBUG;
				SWIFT_OPTIMIZATION_LEVEL = "-Onone";
			};
			name = Debug;
		};
		7B2D871A2ADC0E1500318596 /* Release */ = {
			isa = XCBuildConfiguration;
			buildSettings = {
				ALWAYS_SEARCH_USER_PATHS = NO;
				CLANG_ANALYZER_NONNULL = YES;
				CLANG_ANALYZER_NUMBER_OBJECT_CONVERSION = YES_AGGRESSIVE;
				CLANG_CXX_LANGUAGE_STANDARD = "gnu++20";
				CLANG_ENABLE_MODULES = YES;
				CLANG_ENABLE_OBJC_ARC = YES;
				CLANG_ENABLE_OBJC_WEAK = YES;
				CLANG_WARN_BLOCK_CAPTURE_AUTORELEASING = YES;
				CLANG_WARN_BOOL_CONVERSION = YES;
				CLANG_WARN_COMMA = YES;
				CLANG_WARN_CONSTANT_CONVERSION = YES;
				CLANG_WARN_DEPRECATED_OBJC_IMPLEMENTATIONS = YES;
				CLANG_WARN_DIRECT_OBJC_ISA_USAGE = YES_ERROR;
				CLANG_WARN_DOCUMENTATION_COMMENTS = YES;
				CLANG_WARN_EMPTY_BODY = YES;
				CLANG_WARN_ENUM_CONVERSION = YES;
				CLANG_WARN_INFINITE_RECURSION = YES;
				CLANG_WARN_INT_CONVERSION = YES;
				CLANG_WARN_NON_LITERAL_NULL_CONVERSION = YES;
				CLANG_WARN_OBJC_IMPLICIT_RETAIN_SELF = YES;
				CLANG_WARN_OBJC_LITERAL_CONVERSION = YES;
				CLANG_WARN_OBJC_ROOT_CLASS = YES_ERROR;
				CLANG_WARN_QUOTED_INCLUDE_IN_FRAMEWORK_HEADER = YES;
				CLANG_WARN_RANGE_LOOP_ANALYSIS = YES;
				CLANG_WARN_STRICT_PROTOTYPES = YES;
				CLANG_WARN_SUSPICIOUS_MOVE = YES;
				CLANG_WARN_UNGUARDED_AVAILABILITY = YES_AGGRESSIVE;
				CLANG_WARN_UNREACHABLE_CODE = YES;
				CLANG_WARN__DUPLICATE_METHOD_MATCH = YES;
				COPY_PHASE_STRIP = NO;
				DEBUG_INFORMATION_FORMAT = "dwarf-with-dsym";
				ENABLE_NS_ASSERTIONS = NO;
				ENABLE_STRICT_OBJC_MSGSEND = YES;
				GCC_C_LANGUAGE_STANDARD = gnu11;
				GCC_NO_COMMON_BLOCKS = YES;
				GCC_WARN_64_TO_32_BIT_CONVERSION = YES;
				GCC_WARN_ABOUT_RETURN_TYPE = YES_ERROR;
				GCC_WARN_UNDECLARED_SELECTOR = YES;
				GCC_WARN_UNINITIALIZED_AUTOS = YES_AGGRESSIVE;
				GCC_WARN_UNUSED_FUNCTION = YES;
				GCC_WARN_UNUSED_VARIABLE = YES;
				IPHONEOS_DEPLOYMENT_TARGET = 16.0;
				MTL_ENABLE_DEBUG_INFO = NO;
				MTL_FAST_MATH = YES;
				SDKROOT = iphoneos;
				SWIFT_COMPILATION_MODE = wholemodule;
				SWIFT_OPTIMIZATION_LEVEL = "-O";
				VALIDATE_PRODUCT = YES;
			};
			name = Release;
		};
		7B2D871C2ADC0E1500318596 /* Debug */ = {
			isa = XCBuildConfiguration;
			buildSettings = {
				ASSETCATALOG_COMPILER_APPICON_NAME = AppIcon;
				ASSETCATALOG_COMPILER_GLOBAL_ACCENT_COLOR_NAME = AccentColor;
				CODE_SIGN_STYLE = Automatic;
				CURRENT_PROJECT_VERSION = 1;
				DEVELOPMENT_ASSET_PATHS = "\"DebtTracker/Preview Content\"";
				DEVELOPMENT_TEAM = KTK732WRHB;
				ENABLE_PREVIEWS = YES;
				GENERATE_INFOPLIST_FILE = YES;
				INFOPLIST_KEY_UIApplicationSceneManifest_Generation = YES;
				INFOPLIST_KEY_UIApplicationSupportsIndirectInputEvents = YES;
				INFOPLIST_KEY_UILaunchScreen_Generation = YES;
				INFOPLIST_KEY_UISupportedInterfaceOrientations_iPad = "UIInterfaceOrientationPortrait UIInterfaceOrientationPortraitUpsideDown UIInterfaceOrientationLandscapeLeft UIInterfaceOrientationLandscapeRight";
				INFOPLIST_KEY_UISupportedInterfaceOrientations_iPhone = "UIInterfaceOrientationPortrait UIInterfaceOrientationLandscapeLeft UIInterfaceOrientationLandscapeRight";
				LD_RUNPATH_SEARCH_PATHS = (
					"$(inherited)",
					"@executable_path/Frameworks",
				);
				MARKETING_VERSION = 1.0;
				PRODUCT_BUNDLE_IDENTIFIER = com.allymationes.DebtTracker;
				PRODUCT_NAME = "$(TARGET_NAME)";
				SWIFT_EMIT_LOC_STRINGS = YES;
				SWIFT_VERSION = 5.0;
				TARGETED_DEVICE_FAMILY = "1,2";
			};
			name = Debug;
		};
		7B2D871D2ADC0E1500318596 /* Release */ = {
			isa = XCBuildConfiguration;
			buildSettings = {
				ASSETCATALOG_COMPILER_APPICON_NAME = AppIcon;
				ASSETCATALOG_COMPILER_GLOBAL_ACCENT_COLOR_NAME = AccentColor;
				CODE_SIGN_STYLE = Automatic;
				CURRENT_PROJECT_VERSION = 1;
				DEVELOPMENT_ASSET_PATHS = "\"DebtTracker/Preview Content\"";
				DEVELOPMENT_TEAM = KTK732WRHB;
				ENABLE_PREVIEWS = YES;
				GENERATE_INFOPLIST_FILE = YES;
				INFOPLIST_KEY_UIApplicationSceneManifest_Generation = YES;
				INFOPLIST_KEY_UIApplicationSupportsIndirectInputEvents = YES;
				INFOPLIST_KEY_UILaunchScreen_Generation = YES;
				INFOPLIST_KEY_UISupportedInterfaceOrientations_iPad = "UIInterfaceOrientationPortrait UIInterfaceOrientationPortraitUpsideDown UIInterfaceOrientationLandscapeLeft UIInterfaceOrientationLandscapeRight";
				INFOPLIST_KEY_UISupportedInterfaceOrientations_iPhone = "UIInterfaceOrientationPortrait UIInterfaceOrientationLandscapeLeft UIInterfaceOrientationLandscapeRight";
				LD_RUNPATH_SEARCH_PATHS = (
					"$(inherited)",
					"@executable_path/Frameworks",
				);
				MARKETING_VERSION = 1.0;
				PRODUCT_BUNDLE_IDENTIFIER = com.allymationes.DebtTracker;
				PRODUCT_NAME = "$(TARGET_NAME)";
				SWIFT_EMIT_LOC_STRINGS = YES;
				SWIFT_VERSION = 5.0;
				TARGETED_DEVICE_FAMILY = "1,2";
			};
			name = Release;
		};
/* End XCBuildConfiguration section */

/* Begin XCConfigurationList section */
		7B2D87082ADC0E1300318596 /* Build configuration list for PBXProject "DebtTracker" */ = {
			isa = XCConfigurationList;
			buildConfigurations = (
				7B2D87192ADC0E1500318596 /* Debug */,
				7B2D871A2ADC0E1500318596 /* Release */,
			);
			defaultConfigurationIsVisible = 0;
			defaultConfigurationName = Release;
		};
		7B2D871B2ADC0E1500318596 /* Build configuration list for PBXNativeTarget "DebtTracker" */ = {
			isa = XCConfigurationList;
			buildConfigurations = (
				7B2D871C2ADC0E1500318596 /* Debug */,
				7B2D871D2ADC0E1500318596 /* Release */,
			);
			defaultConfigurationIsVisible = 0;
			defaultConfigurationName = Release;
		};
/* End XCConfigurationList section */
	};
	rootObject = 7B2D87052ADC0E1300318596 /* Project object */;
}
